<Solution>
  <Configurations>
    <BuildType Name="Debug" />
    <BuildType Name="Release" />
    <BuildType Name="CI-Debug" />
    <BuildType Name="CI-Release" />
  </Configurations>
  <Folder Name="/DB/">
    <Project Path="DB.Shared.Tests/DB.Shared.Tests.csproj" />
    <Project Path="DB.Shared/DB.Shared.csproj" />
  </Folder>
  <Folder Name="/DB/EFCore/">
    <Project Path="EFCore.IntegrationTests/EFCore.IntegrationTests.csproj" />
    <Project Path="EFCore/EFCore.Impl.csproj" />
  </Folder>
  <Folder Name="/DB/LinqToDB/">
    <Project Path="LinqToDB\LinqToDB.Impl.csproj" />
    <Project Path="LinqToDB.IntegrationTests\LinqToDB.IntegrationTests.csproj" />
  </Folder>
  <Folder Name="/Solution Items/">
    <File Path="../README.md" />
    <File Path=".editorconfig" />
    <File Path=".runsettings" />
    <File Path="Directory.Build.props" />
  </Folder>
  <Folder Name="/Ulid/">
    <Project Path="Ulid.Benchmarks/Benchmarks.csproj">
      <Build Solution="CI-Debug|*" Project="false" />
      <Build Solution="CI-Release|*" Project="false" />
    </Project>
    <Project Path="Ulid.Tests.AotConsole/Tests.AotConsole.csproj" />
    <Project Path="Ulid.Tests/Tests.csproj" />
    <Project Path="Ulid/Impl.csproj" />
  </Folder>
</Solution>
