<Solution>
  <Configurations>
    <BuildType Name="Debug" />
    <BuildType Name="Release" />
    <BuildType Name="CI-Debug" />
    <BuildType Name="CI-Release" />
  </Configurations>

  <Folder Name="/Ulid/">
    <Project Path="Ulid/Impl.csproj" />
    <Project Path="Ulid.Tests/Tests.csproj">
      <Build Solution="CI-Release|*" Project="false" />
    </Project>
    <Project Path="Ulid.Tests.AotConsole/Tests.AotConsole.csproj">
      <Build Solution="CI-Release|*" Project="false" />
    </Project>
    <Project Path="Ulid.Benchmarks/Benchmarks.csproj">
      <Build Solution="CI-Debug|*" Project="false" />
      <Build Solution="CI-Release|*" Project="false" />
    </Project>
  </Folder>

  <Folder Name="/DB/">
    <Project Path="DB.Shared/DB.Shared.csproj" />
    <Project Path="DB.Shared.Tests/DB.Shared.Tests.csproj">
      <Build Solution="CI-Release|*" Project="false" />
    </Project>
  </Folder>
  <Folder Name="/DB/EFCore/">
    <Project Path="EFCore/EFCore.Impl.csproj" />
    <Project Path="EFCore.IntegrationTests/EFCore.IntegrationTests.csproj">
      <Build Solution="CI-Release|*" Project="false" />
    </Project>
  </Folder>
  <Folder Name="/DB/LinqToDB/">
    <Project Path="LinqToDB\LinqToDB.Impl.csproj" />
    <Project Path="LinqToDB.IntegrationTests\LinqToDB.IntegrationTests.csproj">
      <Build Solution="CI-Release|*" Project="false" />
    </Project>
  </Folder>
  <Folder Name="/DB/Dapper/">
    <Project Path="Dapper/Dapper.Impl.csproj" />
    <Project Path="Dapper.IntegrationTests/Dapper.IntegrationTests.csproj">
      <Build Solution="CI-Release|*" Project="false" />
    </Project>
  </Folder>

  <Folder Name="/Solution Items/">
    <File Path="../README.md" />
    <File Path="Directory.Build.props" />
    <File Path="Directory.Build.targets" />
    <File Path=".editorconfig" />
    <File Path=".runsettings" />
  </Folder>
</Solution>
